// !$*UTF8*$!
{
	archiveVersion = 1;
	classes = {
	};
	objectVersion = 56;
	objects = {

/* Begin PBXBuildFile section */
		172F572A2BDF8099008CF2FF /* AppDelegate.swift in Sources */ = {isa = PBXBuildFile; fileRef = 172F57292BDF8099008CF2FF /* AppDelegate.swift */; };
		172F572C2BDF8099008CF2FF /* SceneDelegate.swift in Sources */ = {isa = PBXBuildFile; fileRef = 172F572B2BDF8099008CF2FF /* SceneDelegate.swift */; };
		172F57332BDF8099008CF2FF /* Assets.xcassets in Resources */ = {isa = PBXBuildFile; fileRef = 172F57322BDF8099008CF2FF /* Assets.xcassets */; };
		172F57362BDF8099008CF2FF /* Base in Resources */ = {isa = PBXBuildFile; fileRef = 172F57352BDF8099008CF2FF /* Base */; };
		1731ACCA2BE4B97900B10401 /* FollowerListVC.swift in Sources */ = {isa = PBXBuildFile; fileRef = 1731ACC92BE4B97900B10401 /* FollowerListVC.swift */; };
		1731ACCC2BE4C2AF00B10401 /* GFTitleLabel.swift in Sources */ = {isa = PBXBuildFile; fileRef = 1731ACCB2BE4C2AF00B10401 /* GFTitleLabel.swift */; };
		1731ACCE2BE4C5D100B10401 /* GFBodyLabel.swift in Sources */ = {isa = PBXBuildFile; fileRef = 1731ACCD2BE4C5D100B10401 /* GFBodyLabel.swift */; };
		1731ACD02BE4C6B100B10401 /* GFAlertVC.swift in Sources */ = {isa = PBXBuildFile; fileRef = 1731ACCF2BE4C6B100B10401 /* GFAlertVC.swift */; };
		1731ACD22BE5243100B10401 /* UIViewController+Ext.swift in Sources */ = {isa = PBXBuildFile; fileRef = 1731ACD12BE5243100B10401 /* UIViewController+Ext.swift */; };
		179C3B532BE2105C003E5D21 /* GFButton.swift in Sources */ = {isa = PBXBuildFile; fileRef = 179C3B522BE2105C003E5D21 /* GFButton.swift */; };
		179C3B552BE213A1003E5D21 /* GFTextField.swift in Sources */ = {isa = PBXBuildFile; fileRef = 179C3B542BE213A1003E5D21 /* GFTextField.swift */; };
		179C3B572BE22512003E5D21 /* TabBarVC.swift in Sources */ = {isa = PBXBuildFile; fileRef = 179C3B562BE22512003E5D21 /* TabBarVC.swift */; };
		179EC9B92BE7FD8900C162EA /* GFError.swift in Sources */ = {isa = PBXBuildFile; fileRef = 179EC9B82BE7FD8900C162EA /* GFError.swift */; };
		17A812142BE56D6E00FBCFEA /* User.swift in Sources */ = {isa = PBXBuildFile; fileRef = 17A812132BE56D6E00FBCFEA /* User.swift */; };
		17A812182BE574B300FBCFEA /* NetworkManager.swift in Sources */ = {isa = PBXBuildFile; fileRef = 17A812172BE574B300FBCFEA /* NetworkManager.swift */; };
		17A8121E2BE591CF00FBCFEA /* FollowerCell.swift in Sources */ = {isa = PBXBuildFile; fileRef = 17A8121D2BE591CF00FBCFEA /* FollowerCell.swift */; };
		17A812202BE5928C00FBCFEA /* GFAvatarImageView.swift in Sources */ = {isa = PBXBuildFile; fileRef = 17A8121F2BE5928C00FBCFEA /* GFAvatarImageView.swift */; };
		17B2B8182BE8A672009BDA7E /* GFSecondaryTitleLabel.swift in Sources */ = {isa = PBXBuildFile; fileRef = 17B2B8172BE8A671009BDA7E /* GFSecondaryTitleLabel.swift */; };
		17B2B81A2BE8A6B3009BDA7E /* UserInfoHeaderVC.swift in Sources */ = {isa = PBXBuildFile; fileRef = 17B2B8192BE8A6B3009BDA7E /* UserInfoHeaderVC.swift */; };
		17B2B81C2BE91931009BDA7E /* Contants.swift in Sources */ = {isa = PBXBuildFile; fileRef = 17B2B81B2BE91931009BDA7E /* Contants.swift */; };
		17B2B81E2BE94C66009BDA7E /* GFItemInfoView.swift in Sources */ = {isa = PBXBuildFile; fileRef = 17B2B81D2BE94C66009BDA7E /* GFItemInfoView.swift */; };
		17B2B8202BE95819009BDA7E /* GFItemInfoVC.swift in Sources */ = {isa = PBXBuildFile; fileRef = 17B2B81F2BE95819009BDA7E /* GFItemInfoVC.swift */; };
		17B2B8222BE95D94009BDA7E /* GFRepoItemVC.swift in Sources */ = {isa = PBXBuildFile; fileRef = 17B2B8212BE95D94009BDA7E /* GFRepoItemVC.swift */; };
		17B2B8242BE9629E009BDA7E /* GfFollowerItemVC.swift in Sources */ = {isa = PBXBuildFile; fileRef = 17B2B8232BE9629E009BDA7E /* GfFollowerItemVC.swift */; };
		17B2B8272BE96750009BDA7E /* Date+Ext.swift in Sources */ = {isa = PBXBuildFile; fileRef = 17B2B8262BE96750009BDA7E /* Date+Ext.swift */; };
		17B2B8292BE968C8009BDA7E /* String+Ext.swift in Sources */ = {isa = PBXBuildFile; fileRef = 17B2B8282BE968C8009BDA7E /* String+Ext.swift */; };
		17B6DBDA2BE5406200E2275D /* Follower.swift in Sources */ = {isa = PBXBuildFile; fileRef = 17B6DBD92BE5406200E2275D /* Follower.swift */; };
		17D52B1F2BE178BE0001EC58 /* SearchVC.swift in Sources */ = {isa = PBXBuildFile; fileRef = 17D52B1E2BE178BE0001EC58 /* SearchVC.swift */; };
		17D52B212BE1790F0001EC58 /* FavoriteVC.swift in Sources */ = {isa = PBXBuildFile; fileRef = 17D52B202BE1790F0001EC58 /* FavoriteVC.swift */; };
		17E347FA2BE7C6810079EE39 /* GFEmptyStateView.swift in Sources */ = {isa = PBXBuildFile; fileRef = 17E347F92BE7C6810079EE39 /* GFEmptyStateView.swift */; };
		17E347FC2BE7D5380079EE39 /* UserInfoVC.swift in Sources */ = {isa = PBXBuildFile; fileRef = 17E347FB2BE7D5380079EE39 /* UserInfoVC.swift */; };
		17F4E68A2BE616E6002F83AD /* UIHelper.swift in Sources */ = {isa = PBXBuildFile; fileRef = 17F4E6892BE616E6002F83AD /* UIHelper.swift */; };
/* End PBXBuildFile section */

/* Begin PBXFileReference section */
		172F57262BDF8099008CF2FF /* GHFollowlers.app */ = {isa = PBXFileReference; explicitFileType = wrapper.application; includeInIndex = 0; path = GHFollowlers.app; sourceTree = BUILT_PRODUCTS_DIR; };
		172F57292BDF8099008CF2FF /* AppDelegate.swift */ = {isa = PBXFileReference; lastKnownFileType = sourcecode.swift; path = AppDelegate.swift; sourceTree = "<group>"; };
		172F572B2BDF8099008CF2FF /* SceneDelegate.swift */ = {isa = PBXFileReference; lastKnownFileType = sourcecode.swift; path = SceneDelegate.swift; sourceTree = "<group>"; };
		172F57322BDF8099008CF2FF /* Assets.xcassets */ = {isa = PBXFileReference; lastKnownFileType = folder.assetcatalog; path = Assets.xcassets; sourceTree = "<group>"; };
		172F57352BDF8099008CF2FF /* Base */ = {isa = PBXFileReference; lastKnownFileType = file.storyboard; name = Base; path = Base.lproj/LaunchScreen.storyboard; sourceTree = "<group>"; };
		172F57372BDF8099008CF2FF /* Info.plist */ = {isa = PBXFileReference; lastKnownFileType = text.plist.xml; path = Info.plist; sourceTree = "<group>"; };
		1731ACC92BE4B97900B10401 /* FollowerListVC.swift */ = {isa = PBXFileReference; lastKnownFileType = sourcecode.swift; path = FollowerListVC.swift; sourceTree = "<group>"; };
		1731ACCB2BE4C2AF00B10401 /* GFTitleLabel.swift */ = {isa = PBXFileReference; lastKnownFileType = sourcecode.swift; path = GFTitleLabel.swift; sourceTree = "<group>"; };
		1731ACCD2BE4C5D100B10401 /* GFBodyLabel.swift */ = {isa = PBXFileReference; lastKnownFileType = sourcecode.swift; path = GFBodyLabel.swift; sourceTree = "<group>"; };
		1731ACCF2BE4C6B100B10401 /* GFAlertVC.swift */ = {isa = PBXFileReference; lastKnownFileType = sourcecode.swift; path = GFAlertVC.swift; sourceTree = "<group>"; };
		1731ACD12BE5243100B10401 /* UIViewController+Ext.swift */ = {isa = PBXFileReference; lastKnownFileType = sourcecode.swift; path = "UIViewController+Ext.swift"; sourceTree = "<group>"; };
		179C3B522BE2105C003E5D21 /* GFButton.swift */ = {isa = PBXFileReference; lastKnownFileType = sourcecode.swift; path = GFButton.swift; sourceTree = "<group>"; };
		179C3B542BE213A1003E5D21 /* GFTextField.swift */ = {isa = PBXFileReference; lastKnownFileType = sourcecode.swift; path = GFTextField.swift; sourceTree = "<group>"; };
		179C3B562BE22512003E5D21 /* TabBarVC.swift */ = {isa = PBXFileReference; lastKnownFileType = sourcecode.swift; path = TabBarVC.swift; sourceTree = "<group>"; };
		179EC9B82BE7FD8900C162EA /* GFError.swift */ = {isa = PBXFileReference; lastKnownFileType = sourcecode.swift; path = GFError.swift; sourceTree = "<group>"; };
		17A812132BE56D6E00FBCFEA /* User.swift */ = {isa = PBXFileReference; lastKnownFileType = sourcecode.swift; path = User.swift; sourceTree = "<group>"; };
		17A812172BE574B300FBCFEA /* NetworkManager.swift */ = {isa = PBXFileReference; lastKnownFileType = sourcecode.swift; path = NetworkManager.swift; sourceTree = "<group>"; };
		17A8121D2BE591CF00FBCFEA /* FollowerCell.swift */ = {isa = PBXFileReference; lastKnownFileType = sourcecode.swift; path = FollowerCell.swift; sourceTree = "<group>"; };
		17A8121F2BE5928C00FBCFEA /* GFAvatarImageView.swift */ = {isa = PBXFileReference; lastKnownFileType = sourcecode.swift; path = GFAvatarImageView.swift; sourceTree = "<group>"; };
		17B2B8172BE8A671009BDA7E /* GFSecondaryTitleLabel.swift */ = {isa = PBXFileReference; lastKnownFileType = sourcecode.swift; path = GFSecondaryTitleLabel.swift; sourceTree = "<group>"; };
		17B2B8192BE8A6B3009BDA7E /* UserInfoHeaderVC.swift */ = {isa = PBXFileReference; lastKnownFileType = sourcecode.swift; path = UserInfoHeaderVC.swift; sourceTree = "<group>"; };
		17B2B81B2BE91931009BDA7E /* Contants.swift */ = {isa = PBXFileReference; lastKnownFileType = sourcecode.swift; path = Contants.swift; sourceTree = "<group>"; };
		17B2B81D2BE94C66009BDA7E /* GFItemInfoView.swift */ = {isa = PBXFileReference; lastKnownFileType = sourcecode.swift; path = GFItemInfoView.swift; sourceTree = "<group>"; };
		17B2B81F2BE95819009BDA7E /* GFItemInfoVC.swift */ = {isa = PBXFileReference; lastKnownFileType = sourcecode.swift; path = GFItemInfoVC.swift; sourceTree = "<group>"; };
		17B2B8212BE95D94009BDA7E /* GFRepoItemVC.swift */ = {isa = PBXFileReference; lastKnownFileType = sourcecode.swift; path = GFRepoItemVC.swift; sourceTree = "<group>"; };
		17B2B8232BE9629E009BDA7E /* GfFollowerItemVC.swift */ = {isa = PBXFileReference; lastKnownFileType = sourcecode.swift; path = GfFollowerItemVC.swift; sourceTree = "<group>"; };
		17B2B8262BE96750009BDA7E /* Date+Ext.swift */ = {isa = PBXFileReference; lastKnownFileType = sourcecode.swift; path = "Date+Ext.swift"; sourceTree = "<group>"; };
		17B2B8282BE968C8009BDA7E /* String+Ext.swift */ = {isa = PBXFileReference; lastKnownFileType = sourcecode.swift; path = "String+Ext.swift"; sourceTree = "<group>"; };
		17B6DBD92BE5406200E2275D /* Follower.swift */ = {isa = PBXFileReference; lastKnownFileType = sourcecode.swift; path = Follower.swift; sourceTree = "<group>"; };
		17D52B1E2BE178BE0001EC58 /* SearchVC.swift */ = {isa = PBXFileReference; lastKnownFileType = sourcecode.swift; path = SearchVC.swift; sourceTree = "<group>"; };
		17D52B202BE1790F0001EC58 /* FavoriteVC.swift */ = {isa = PBXFileReference; lastKnownFileType = sourcecode.swift; path = FavoriteVC.swift; sourceTree = "<group>"; };
		17E347F92BE7C6810079EE39 /* GFEmptyStateView.swift */ = {isa = PBXFileReference; lastKnownFileType = sourcecode.swift; path = GFEmptyStateView.swift; sourceTree = "<group>"; };
		17E347FB2BE7D5380079EE39 /* UserInfoVC.swift */ = {isa = PBXFileReference; lastKnownFileType = sourcecode.swift; path = UserInfoVC.swift; sourceTree = "<group>"; };
		17F4E6892BE616E6002F83AD /* UIHelper.swift */ = {isa = PBXFileReference; lastKnownFileType = sourcecode.swift; path = UIHelper.swift; sourceTree = "<group>"; };
/* End PBXFileReference section */

/* Begin PBXFrameworksBuildPhase section */
		172F57232BDF8099008CF2FF /* Frameworks */ = {
			isa = PBXFrameworksBuildPhase;
			buildActionMask = 2147483647;
			files = (
			);
			runOnlyForDeploymentPostprocessing = 0;
		};
/* End PBXFrameworksBuildPhase section */

/* Begin PBXGroup section */
		172F571D2BDF8098008CF2FF = {
			isa = PBXGroup;
			children = (
				172F57282BDF8099008CF2FF /* GHFollowlers */,
				172F57272BDF8099008CF2FF /* Products */,
			);
			sourceTree = "<group>";
		};
		172F57272BDF8099008CF2FF /* Products */ = {
			isa = PBXGroup;
			children = (
				172F57262BDF8099008CF2FF /* GHFollowlers.app */,
			);
			name = Products;
			sourceTree = "<group>";
		};
		172F57282BDF8099008CF2FF /* GHFollowlers */ = {
			isa = PBXGroup;
			children = (
				17A812192BE588C900FBCFEA /* Utilities */,
				17A812162BE574A300FBCFEA /* Managers */,
				17B6DBD82BE5404400E2275D /* Model */,
				17B6DBD52BE5353000E2275D /* Screens */,
				17B6DBD62BE5360300E2275D /* Custom Views */,
				17B6DBD72BE5361F00E2275D /* Extensions */,
				17A812152BE570B000FBCFEA /* Support */,
				172F57372BDF8099008CF2FF /* Info.plist */,
			);
			path = GHFollowlers;
			sourceTree = "<group>";
		};
		17A812152BE570B000FBCFEA /* Support */ = {
			isa = PBXGroup;
			children = (
				172F57292BDF8099008CF2FF /* AppDelegate.swift */,
				172F572B2BDF8099008CF2FF /* SceneDelegate.swift */,
				172F57322BDF8099008CF2FF /* Assets.xcassets */,
				172F57342BDF8099008CF2FF /* LaunchScreen.storyboard */,
			);
			path = Support;
			sourceTree = "<group>";
		};
		17A812162BE574A300FBCFEA /* Managers */ = {
			isa = PBXGroup;
			children = (
				17A812172BE574B300FBCFEA /* NetworkManager.swift */,
			);
			path = Managers;
			sourceTree = "<group>";
		};
		17A812192BE588C900FBCFEA /* Utilities */ = {
			isa = PBXGroup;
			children = (
				17F4E6892BE616E6002F83AD /* UIHelper.swift */,
				179EC9B82BE7FD8900C162EA /* GFError.swift */,
				17B2B81B2BE91931009BDA7E /* Contants.swift */,
			);
			path = Utilities;
			sourceTree = "<group>";
		};
		17A8121C2BE5919400FBCFEA /* Cell */ = {
			isa = PBXGroup;
			children = (
				17A8121D2BE591CF00FBCFEA /* FollowerCell.swift */,
			);
			path = Cell;
			sourceTree = "<group>";
		};
		17B2B8252BE9632C009BDA7E /* ItemInfoVCs */ = {
			isa = PBXGroup;
			children = (
				17B2B81F2BE95819009BDA7E /* GFItemInfoVC.swift */,
				17B2B8212BE95D94009BDA7E /* GFRepoItemVC.swift */,
				17B2B8232BE9629E009BDA7E /* GfFollowerItemVC.swift */,
			);
			path = ItemInfoVCs;
			sourceTree = "<group>";
		};
		17B6DBD52BE5353000E2275D /* Screens */ = {
			isa = PBXGroup;
			children = (
				179C3B562BE22512003E5D21 /* TabBarVC.swift */,
				17D52B1E2BE178BE0001EC58 /* SearchVC.swift */,
				1731ACC92BE4B97900B10401 /* FollowerListVC.swift */,
				17D52B202BE1790F0001EC58 /* FavoriteVC.swift */,
				17E347FB2BE7D5380079EE39 /* UserInfoVC.swift */,
			);
			path = Screens;
			sourceTree = "<group>";
		};
		17B6DBD62BE5360300E2275D /* Custom Views */ = {
			isa = PBXGroup;
			children = (
				17E347F82BE7C6390079EE39 /* Labels */,
				17E347F22BE7C5AD0079EE39 /* ViewControllers */,
				17A8121C2BE5919400FBCFEA /* Cell */,
				17E347F62BE7C5DC0079EE39 /* Views */,
				17E347F52BE7C5D30079EE39 /* Buttons */,
				17E347F42BE7C5CA0079EE39 /* TextFields */,
				17E347F32BE7C5BC0079EE39 /* ImageViews */,
			);
			path = "Custom Views";
			sourceTree = "<group>";
		};
		17B6DBD72BE5361F00E2275D /* Extensions */ = {
			isa = PBXGroup;
			children = (
				1731ACD12BE5243100B10401 /* UIViewController+Ext.swift */,
				17B2B8262BE96750009BDA7E /* Date+Ext.swift */,
				17B2B8282BE968C8009BDA7E /* String+Ext.swift */,
			);
			path = Extensions;
			sourceTree = "<group>";
		};
		17B6DBD82BE5404400E2275D /* Model */ = {
			isa = PBXGroup;
			children = (
				17B6DBD92BE5406200E2275D /* Follower.swift */,
				17A812132BE56D6E00FBCFEA /* User.swift */,
			);
			path = Model;
			sourceTree = "<group>";
		};
		17E347F22BE7C5AD0079EE39 /* ViewControllers */ = {
			isa = PBXGroup;
			children = (
				17B2B8252BE9632C009BDA7E /* ItemInfoVCs */,
				17B2B8192BE8A6B3009BDA7E /* UserInfoHeaderVC.swift */,
				1731ACCF2BE4C6B100B10401 /* GFAlertVC.swift */,
			);
			path = ViewControllers;
			sourceTree = "<group>";
		};
		17E347F32BE7C5BC0079EE39 /* ImageViews */ = {
			isa = PBXGroup;
			children = (
				17A8121F2BE5928C00FBCFEA /* GFAvatarImageView.swift */,
			);
			path = ImageViews;
			sourceTree = "<group>";
		};
		17E347F42BE7C5CA0079EE39 /* TextFields */ = {
			isa = PBXGroup;
			children = (
				179C3B542BE213A1003E5D21 /* GFTextField.swift */,
			);
			path = TextFields;
			sourceTree = "<group>";
		};
		17E347F52BE7C5D30079EE39 /* Buttons */ = {
			isa = PBXGroup;
			children = (
				179C3B522BE2105C003E5D21 /* GFButton.swift */,
			);
			path = Buttons;
			sourceTree = "<group>";
		};
		17E347F62BE7C5DC0079EE39 /* Views */ = {
			isa = PBXGroup;
			children = (
				17E347F92BE7C6810079EE39 /* GFEmptyStateView.swift */,
				17B2B81D2BE94C66009BDA7E /* GFItemInfoView.swift */,
			);
			path = Views;
			sourceTree = "<group>";
		};
		17E347F82BE7C6390079EE39 /* Labels */ = {
			isa = PBXGroup;
			children = (
				1731ACCB2BE4C2AF00B10401 /* GFTitleLabel.swift */,
				1731ACCD2BE4C5D100B10401 /* GFBodyLabel.swift */,
				17B2B8172BE8A671009BDA7E /* GFSecondaryTitleLabel.swift */,
			);
			path = Labels;
			sourceTree = "<group>";
		};
/* End PBXGroup section */

/* Begin PBXNativeTarget section */
		172F57252BDF8099008CF2FF /* GHFollowlers */ = {
			isa = PBXNativeTarget;
			buildConfigurationList = 172F573A2BDF8099008CF2FF /* Build configuration list for PBXNativeTarget "GHFollowlers" */;
			buildPhases = (
				172F57222BDF8099008CF2FF /* Sources */,
				172F57232BDF8099008CF2FF /* Frameworks */,
				172F57242BDF8099008CF2FF /* Resources */,
			);
			buildRules = (
			);
			dependencies = (
			);
			name = GHFollowlers;
			productName = GHFollowlers;
			productReference = 172F57262BDF8099008CF2FF /* GHFollowlers.app */;
			productType = "com.apple.product-type.application";
		};
/* End PBXNativeTarget section */

/* Begin PBXProject section */
		172F571E2BDF8098008CF2FF /* Project object */ = {
			isa = PBXProject;
			attributes = {
				BuildIndependentTargetsInParallel = 1;
				LastSwiftUpdateCheck = 1530;
				LastUpgradeCheck = 1530;
				TargetAttributes = {
					172F57252BDF8099008CF2FF = {
						CreatedOnToolsVersion = 15.3;
					};
				};
			};
			buildConfigurationList = 172F57212BDF8098008CF2FF /* Build configuration list for PBXProject "GHFollowlers" */;
			compatibilityVersion = "Xcode 14.0";
			developmentRegion = en;
			hasScannedForEncodings = 0;
			knownRegions = (
				en,
				Base,
			);
			mainGroup = 172F571D2BDF8098008CF2FF;
			productRefGroup = 172F57272BDF8099008CF2FF /* Products */;
			projectDirPath = "";
			projectRoot = "";
			targets = (
				172F57252BDF8099008CF2FF /* GHFollowlers */,
			);
		};
/* End PBXProject section */

/* Begin PBXResourcesBuildPhase section */
		172F57242BDF8099008CF2FF /* Resources */ = {
			isa = PBXResourcesBuildPhase;
			buildActionMask = 2147483647;
			files = (
				172F57332BDF8099008CF2FF /* Assets.xcassets in Resources */,
				172F57362BDF8099008CF2FF /* Base in Resources */,
			);
			runOnlyForDeploymentPostprocessing = 0;
		};
/* End PBXResourcesBuildPhase section */

/* Begin PBXSourcesBuildPhase section */
		172F57222BDF8099008CF2FF /* Sources */ = {
			isa = PBXSourcesBuildPhase;
			buildActionMask = 2147483647;
			files = (
				17B2B8242BE9629E009BDA7E /* GfFollowerItemVC.swift in Sources */,
				179C3B572BE22512003E5D21 /* TabBarVC.swift in Sources */,
				17D52B1F2BE178BE0001EC58 /* SearchVC.swift in Sources */,
				1731ACD22BE5243100B10401 /* UIViewController+Ext.swift in Sources */,
				179C3B532BE2105C003E5D21 /* GFButton.swift in Sources */,
				17D52B212BE1790F0001EC58 /* FavoriteVC.swift in Sources */,
				17E347FA2BE7C6810079EE39 /* GFEmptyStateView.swift in Sources */,
				17B2B81A2BE8A6B3009BDA7E /* UserInfoHeaderVC.swift in Sources */,
				172F572A2BDF8099008CF2FF /* AppDelegate.swift in Sources */,
				17A812142BE56D6E00FBCFEA /* User.swift in Sources */,
				179EC9B92BE7FD8900C162EA /* GFError.swift in Sources */,
				17A8121E2BE591CF00FBCFEA /* FollowerCell.swift in Sources */,
				17B2B81C2BE91931009BDA7E /* Contants.swift in Sources */,
				17B2B8222BE95D94009BDA7E /* GFRepoItemVC.swift in Sources */,
				17A812202BE5928C00FBCFEA /* GFAvatarImageView.swift in Sources */,
				1731ACD02BE4C6B100B10401 /* GFAlertVC.swift in Sources */,
				17E347FC2BE7D5380079EE39 /* UserInfoVC.swift in Sources */,
				17B6DBDA2BE5406200E2275D /* Follower.swift in Sources */,
				17B2B8292BE968C8009BDA7E /* String+Ext.swift in Sources */,
				172F572C2BDF8099008CF2FF /* SceneDelegate.swift in Sources */,
				17B2B8182BE8A672009BDA7E /* GFSecondaryTitleLabel.swift in Sources */,
				17B2B8202BE95819009BDA7E /* GFItemInfoVC.swift in Sources */,
				1731ACCC2BE4C2AF00B10401 /* GFTitleLabel.swift in Sources */,
				1731ACCA2BE4B97900B10401 /* FollowerListVC.swift in Sources */,
				17B2B8272BE96750009BDA7E /* Date+Ext.swift in Sources */,
				17F4E68A2BE616E6002F83AD /* UIHelper.swift in Sources */,
				17A812182BE574B300FBCFEA /* NetworkManager.swift in Sources */,
				17B2B81E2BE94C66009BDA7E /* GFItemInfoView.swift in Sources */,
				179C3B552BE213A1003E5D21 /* GFTextField.swift in Sources */,
				1731ACCE2BE4C5D100B10401 /* GFBodyLabel.swift in Sources */,
			);
			runOnlyForDeploymentPostprocessing = 0;
		};
/* End PBXSourcesBuildPhase section */

/* Begin PBXVariantGroup section */
		172F57342BDF8099008CF2FF /* LaunchScreen.storyboard */ = {
			isa = PBXVariantGroup;
			children = (
				172F57352BDF8099008CF2FF /* Base */,
			);
			name = LaunchScreen.storyboard;
			sourceTree = "<group>";
		};
/* End PBXVariantGroup section */

/* Begin XCBuildConfiguration section */
		172F57382BDF8099008CF2FF /* Debug */ = {
			isa = XCBuildConfiguration;
			buildSettings = {
				ALWAYS_SEARCH_USER_PATHS = NO;
				ASSETCATALOG_COMPILER_GENERATE_SWIFT_ASSET_SYMBOL_EXTENSIONS = YES;
				CLANG_ANALYZER_NONNULL = YES;
				CLANG_ANALYZER_NUMBER_OBJECT_CONVERSION = YES_AGGRESSIVE;
				CLANG_CXX_LANGUAGE_STANDARD = "gnu++20";
				CLANG_ENABLE_MODULES = YES;
				CLANG_ENABLE_OBJC_ARC = YES;
				CLANG_ENABLE_OBJC_WEAK = YES;
				CLANG_WARN_BLOCK_CAPTURE_AUTORELEASING = YES;
				CLANG_WARN_BOOL_CONVERSION = YES;
				CLANG_WARN_COMMA = YES;
				CLANG_WARN_CONSTANT_CONVERSION = YES;
				CLANG_WARN_DEPRECATED_OBJC_IMPLEMENTATIONS = YES;
				CLANG_WARN_DIRECT_OBJC_ISA_USAGE = YES_ERROR;
				CLANG_WARN_DOCUMENTATION_COMMENTS = YES;
				CLANG_WARN_EMPTY_BODY = YES;
				CLANG_WARN_ENUM_CONVERSION = YES;
				CLANG_WARN_INFINITE_RECURSION = YES;
				CLANG_WARN_INT_CONVERSION = YES;
				CLANG_WARN_NON_LITERAL_NULL_CONVERSION = YES;
				CLANG_WARN_OBJC_IMPLICIT_RETAIN_SELF = YES;
				CLANG_WARN_OBJC_LITERAL_CONVERSION = YES;
				CLANG_WARN_OBJC_ROOT_CLASS = YES_ERROR;
				CLANG_WARN_QUOTED_INCLUDE_IN_FRAMEWORK_HEADER = YES;
				CLANG_WARN_RANGE_LOOP_ANALYSIS = YES;
				CLANG_WARN_STRICT_PROTOTYPES = YES;
				CLANG_WARN_SUSPICIOUS_MOVE = YES;
				CLANG_WARN_UNGUARDED_AVAILABILITY = YES_AGGRESSIVE;
				CLANG_WARN_UNREACHABLE_CODE = YES;
				CLANG_WARN__DUPLICATE_METHOD_MATCH = YES;
				COPY_PHASE_STRIP = NO;
				DEBUG_INFORMATION_FORMAT = dwarf;
				ENABLE_STRICT_OBJC_MSGSEND = YES;
				ENABLE_TESTABILITY = YES;
				ENABLE_USER_SCRIPT_SANDBOXING = YES;
				GCC_C_LANGUAGE_STANDARD = gnu17;
				GCC_DYNAMIC_NO_PIC = NO;
				GCC_NO_COMMON_BLOCKS = YES;
				GCC_OPTIMIZATION_LEVEL = 0;
				GCC_PREPROCESSOR_DEFINITIONS = (
					"DEBUG=1",
					"$(inherited)",
				);
				GCC_WARN_64_TO_32_BIT_CONVERSION = YES;
				GCC_WARN_ABOUT_RETURN_TYPE = YES_ERROR;
				GCC_WARN_UNDECLARED_SELECTOR = YES;
				GCC_WARN_UNINITIALIZED_AUTOS = YES_AGGRESSIVE;
				GCC_WARN_UNUSED_FUNCTION = YES;
				GCC_WARN_UNUSED_VARIABLE = YES;
				IPHONEOS_DEPLOYMENT_TARGET = 17.4;
				LOCALIZATION_PREFERS_STRING_CATALOGS = YES;
				MTL_ENABLE_DEBUG_INFO = INCLUDE_SOURCE;
				MTL_FAST_MATH = YES;
				ONLY_ACTIVE_ARCH = YES;
				SDKROOT = iphoneos;
				SWIFT_ACTIVE_COMPILATION_CONDITIONS = "DEBUG $(inherited)";
				SWIFT_OPTIMIZATION_LEVEL = "-Onone";
			};
			name = Debug;
		};
		172F57392BDF8099008CF2FF /* Release */ = {
			isa = XCBuildConfiguration;
			buildSettings = {
				ALWAYS_SEARCH_USER_PATHS = NO;
				ASSETCATALOG_COMPILER_GENERATE_SWIFT_ASSET_SYMBOL_EXTENSIONS = YES;
				CLANG_ANALYZER_NONNULL = YES;
				CLANG_ANALYZER_NUMBER_OBJECT_CONVERSION = YES_AGGRESSIVE;
				CLANG_CXX_LANGUAGE_STANDARD = "gnu++20";
				CLANG_ENABLE_MODULES = YES;
				CLANG_ENABLE_OBJC_ARC = YES;
				CLANG_ENABLE_OBJC_WEAK = YES;
				CLANG_WARN_BLOCK_CAPTURE_AUTORELEASING = YES;
				CLANG_WARN_BOOL_CONVERSION = YES;
				CLANG_WARN_COMMA = YES;
				CLANG_WARN_CONSTANT_CONVERSION = YES;
				CLANG_WARN_DEPRECATED_OBJC_IMPLEMENTATIONS = YES;
				CLANG_WARN_DIRECT_OBJC_ISA_USAGE = YES_ERROR;
				CLANG_WARN_DOCUMENTATION_COMMENTS = YES;
				CLANG_WARN_EMPTY_BODY = YES;
				CLANG_WARN_ENUM_CONVERSION = YES;
				CLANG_WARN_INFINITE_RECURSION = YES;
				CLANG_WARN_INT_CONVERSION = YES;
				CLANG_WARN_NON_LITERAL_NULL_CONVERSION = YES;
				CLANG_WARN_OBJC_IMPLICIT_RETAIN_SELF = YES;
				CLANG_WARN_OBJC_LITERAL_CONVERSION = YES;
				CLANG_WARN_OBJC_ROOT_CLASS = YES_ERROR;
				CLANG_WARN_QUOTED_INCLUDE_IN_FRAMEWORK_HEADER = YES;
				CLANG_WARN_RANGE_LOOP_ANALYSIS = YES;
				CLANG_WARN_STRICT_PROTOTYPES = YES;
				CLANG_WARN_SUSPICIOUS_MOVE = YES;
				CLANG_WARN_UNGUARDED_AVAILABILITY = YES_AGGRESSIVE;
				CLANG_WARN_UNREACHABLE_CODE = YES;
				CLANG_WARN__DUPLICATE_METHOD_MATCH = YES;
				COPY_PHASE_STRIP = NO;
				DEBUG_INFORMATION_FORMAT = "dwarf-with-dsym";
				ENABLE_NS_ASSERTIONS = NO;
				ENABLE_STRICT_OBJC_MSGSEND = YES;
				ENABLE_USER_SCRIPT_SANDBOXING = YES;
				GCC_C_LANGUAGE_STANDARD = gnu17;
				GCC_NO_COMMON_BLOCKS = YES;
				GCC_WARN_64_TO_32_BIT_CONVERSION = YES;
				GCC_WARN_ABOUT_RETURN_TYPE = YES_ERROR;
				GCC_WARN_UNDECLARED_SELECTOR = YES;
				GCC_WARN_UNINITIALIZED_AUTOS = YES_AGGRESSIVE;
				GCC_WARN_UNUSED_FUNCTION = YES;
				GCC_WARN_UNUSED_VARIABLE = YES;
				IPHONEOS_DEPLOYMENT_TARGET = 17.4;
				LOCALIZATION_PREFERS_STRING_CATALOGS = YES;
				MTL_ENABLE_DEBUG_INFO = NO;
				MTL_FAST_MATH = YES;
				SDKROOT = iphoneos;
				SWIFT_COMPILATION_MODE = wholemodule;
				VALIDATE_PRODUCT = YES;
			};
			name = Release;
		};
		172F573B2BDF8099008CF2FF /* Debug */ = {
			isa = XCBuildConfiguration;
			buildSettings = {
				ASSETCATALOG_COMPILER_APPICON_NAME = AppIcon;
				ASSETCATALOG_COMPILER_GLOBAL_ACCENT_COLOR_NAME = AccentColor;
				CODE_SIGN_STYLE = Automatic;
				CURRENT_PROJECT_VERSION = 1;
				DEVELOPMENT_TEAM = 3F98QKU5PX;
				GENERATE_INFOPLIST_FILE = YES;
				INFOPLIST_FILE = GHFollowlers/Info.plist;
				INFOPLIST_KEY_UIApplicationSupportsIndirectInputEvents = YES;
				INFOPLIST_KEY_UILaunchStoryboardName = LaunchScreen;
				INFOPLIST_KEY_UISupportedInterfaceOrientations = UIInterfaceOrientationPortrait;
				LD_RUNPATH_SEARCH_PATHS = (
					"$(inherited)",
					"@executable_path/Frameworks",
				);
				MARKETING_VERSION = 1.0;
				PRODUCT_BUNDLE_IDENTIFIER = com.SujitSarkar.GHFollowlers;
				PRODUCT_NAME = "$(TARGET_NAME)";
				SWIFT_EMIT_LOC_STRINGS = YES;
				SWIFT_VERSION = 5.0;
				TARGETED_DEVICE_FAMILY = "1,2";
			};
			name = Debug;
		};
		172F573C2BDF8099008CF2FF /* Release */ = {
			isa = XCBuildConfiguration;
			buildSettings = {
				ASSETCATALOG_COMPILER_APPICON_NAME = AppIcon;
				ASSETCATALOG_COMPILER_GLOBAL_ACCENT_COLOR_NAME = AccentColor;
				CODE_SIGN_STYLE = Automatic;
				CURRENT_PROJECT_VERSION = 1;
				DEVELOPMENT_TEAM = 3F98QKU5PX;
				GENERATE_INFOPLIST_FILE = YES;
				INFOPLIST_FILE = GHFollowlers/Info.plist;
				INFOPLIST_KEY_UIApplicationSupportsIndirectInputEvents = YES;
				INFOPLIST_KEY_UILaunchStoryboardName = LaunchScreen;
				INFOPLIST_KEY_UISupportedInterfaceOrientations = UIInterfaceOrientationPortrait;
				LD_RUNPATH_SEARCH_PATHS = (
					"$(inherited)",
					"@executable_path/Frameworks",
				);
				MARKETING_VERSION = 1.0;
				PRODUCT_BUNDLE_IDENTIFIER = com.SujitSarkar.GHFollowlers;
				PRODUCT_NAME = "$(TARGET_NAME)";
				SWIFT_EMIT_LOC_STRINGS = YES;
				SWIFT_VERSION = 5.0;
				TARGETED_DEVICE_FAMILY = "1,2";
			};
			name = Release;
		};
/* End XCBuildConfiguration section */

/* Begin XCConfigurationList section */
		172F57212BDF8098008CF2FF /* Build configuration list for PBXProject "GHFollowlers" */ = {
			isa = XCConfigurationList;
			buildConfigurations = (
				172F57382BDF8099008CF2FF /* Debug */,
				172F57392BDF8099008CF2FF /* Release */,
			);
			defaultConfigurationIsVisible = 0;
			defaultConfigurationName = Release;
		};
		172F573A2BDF8099008CF2FF /* Build configuration list for PBXNativeTarget "GHFollowlers" */ = {
			isa = XCConfigurationList;
			buildConfigurations = (
				172F573B2BDF8099008CF2FF /* Debug */,
				172F573C2BDF8099008CF2FF /* Release */,
			);
			defaultConfigurationIsVisible = 0;
			defaultConfigurationName = Release;
		};
/* End XCConfigurationList section */
	};
	rootObject = 172F571E2BDF8098008CF2FF /* Project object */;
}
